
Microsoft Visual Studio Solution File, Format Version 12.00
# Visual Studio Version 17
VisualStudioVersion = 17.4.33103.184
MinimumVisualStudioVersion = 10.0.40219.1
Project("{2150E333-8FDC-42A3-9474-1A3956D46DE8}") = "App", "App", "{E51E280A-AAB4-4A80-9374-AA827AC7CDE8}"
EndProject
Project("{2150E333-8FDC-42A3-9474-1A3956D46DE8}") = "Products", "Products", "{67269F18-AAE8-4E5E-A8D6-E611B9735765}"
EndProject
Project("{9A19103F-16F7-4668-BE54-9A1E7A4F7556}") = "Products.API", "Products.API\Products.API.csproj", "{5B1673D7-5A05-458C-91B7-E82EB4BAD9BB}"
EndProject
Project("{2150E333-8FDC-42A3-9474-1A3956D46DE8}") = "Site", "Site", "{01132599-3A3B-415A-846D-7E5E9087617C}"
EndProject
Project("{9A19103F-16F7-4668-BE54-9A1E7A4F7556}") = "MilkTea WebApp", "MilkTea WebApp\MilkTea WebApp.csproj", "{6853B42C-954D-4787-BEB9-FB35A1EFE3B2}"
EndProject
Global
	GlobalSection(SolutionConfigurationPlatforms) = preSolution
		Debug|Any CPU = Debug|Any CPU
		Release|Any CPU = Release|Any CPU
	EndGlobalSection
	GlobalSection(ProjectConfigurationPlatforms) = postSolution
		{5B1673D7-5A05-458C-91B7-E82EB4BAD9BB}.Debug|Any CPU.ActiveCfg = Debug|Any CPU
		{5B1673D7-5A05-458C-91B7-E82EB4BAD9BB}.Debug|Any CPU.Build.0 = Debug|Any CPU
		{5B1673D7-5A05-458C-91B7-E82EB4BAD9BB}.Release|Any CPU.ActiveCfg = Release|Any CPU
		{5B1673D7-5A05-458C-91B7-E82EB4BAD9BB}.Release|Any CPU.Build.0 = Release|Any CPU
		{6853B42C-954D-4787-BEB9-FB35A1EFE3B2}.Debug|Any CPU.ActiveCfg = Debug|Any CPU
		{6853B42C-954D-4787-BEB9-FB35A1EFE3B2}.Debug|Any CPU.Build.0 = Debug|Any CPU
		{6853B42C-954D-4787-BEB9-FB35A1EFE3B2}.Release|Any CPU.ActiveCfg = Release|Any CPU
		{6853B42C-954D-4787-BEB9-FB35A1EFE3B2}.Release|Any CPU.Build.0 = Release|Any CPU
	EndGlobalSection
	GlobalSection(SolutionProperties) = preSolution
		HideSolutionNode = FALSE
	EndGlobalSection
	GlobalSection(NestedProjects) = preSolution
		{67269F18-AAE8-4E5E-A8D6-E611B9735765} = {E51E280A-AAB4-4A80-9374-AA827AC7CDE8}
		{5B1673D7-5A05-458C-91B7-E82EB4BAD9BB} = {67269F18-AAE8-4E5E-A8D6-E611B9735765}
		{01132599-3A3B-415A-846D-7E5E9087617C} = {E51E280A-AAB4-4A80-9374-AA827AC7CDE8}
		{6853B42C-954D-4787-BEB9-FB35A1EFE3B2} = {01132599-3A3B-415A-846D-7E5E9087617C}
	EndGlobalSection
	GlobalSection(ExtensibilityGlobals) = postSolution
		SolutionGuid = {C06C46BB-1A22-4CBE-87E4-214169B2B6C4}
	EndGlobalSection
EndGlobal
